// !$*UTF8*$!
{
	archiveVersion = 1;
	classes = {
	};
	objectVersion = 51;
	objects = {

/* Begin PBXBuildFile section */
		031AF13FE89B98E20D1DE361 /* Pods_ios_challenge_ios_challengeUITests.framework in Frameworks */ = {isa = PBXBuildFile; fileRef = 4FA37009496A1D076E8CE3AC /* Pods_ios_challenge_ios_challengeUITests.framework */; };
		330D1739263DC1BA00391ACA /* CurrencyExchangeViewModel.swift in Sources */ = {isa = PBXBuildFile; fileRef = 330D1738263DC1BA00391ACA /* CurrencyExchangeViewModel.swift */; };
		330D173D263DC3A700391ACA /* CurrencyExchange.swift in Sources */ = {isa = PBXBuildFile; fileRef = 330D173C263DC3A700391ACA /* CurrencyExchange.swift */; };
		330D173F263DC67600391ACA /* DataManager.swift in Sources */ = {isa = PBXBuildFile; fileRef = 330D173E263DC67600391ACA /* DataManager.swift */; };
		330D1743263FBFDA00391ACA /* AppCoordinator.swift in Sources */ = {isa = PBXBuildFile; fileRef = 330D1742263FBFDA00391ACA /* AppCoordinator.swift */; };
		330D1745263FC7FB00391ACA /* CurrencyListViewController.swift in Sources */ = {isa = PBXBuildFile; fileRef = 330D1744263FC7FB00391ACA /* CurrencyListViewController.swift */; };
		330D1747263FD0BA00391ACA /* CurrentExchangeClass.swift in Sources */ = {isa = PBXBuildFile; fileRef = 330D1746263FD0BA00391ACA /* CurrentExchangeClass.swift */; };
		330D1749263FEEEB00391ACA /* RateClass.swift in Sources */ = {isa = PBXBuildFile; fileRef = 330D1748263FEEEB00391ACA /* RateClass.swift */; };
		33519485263DB2C9004BBC7C /* AppDelegate.swift in Sources */ = {isa = PBXBuildFile; fileRef = 33519484263DB2C9004BBC7C /* AppDelegate.swift */; };
		33519487263DB2C9004BBC7C /* ViewController.swift in Sources */ = {isa = PBXBuildFile; fileRef = 33519486263DB2C9004BBC7C /* ViewController.swift */; };
		3351948A263DB2C9004BBC7C /* Main.storyboard in Resources */ = {isa = PBXBuildFile; fileRef = 33519488263DB2C9004BBC7C /* Main.storyboard */; };
		3351948D263DB2C9004BBC7C /* ios_challenge.xcdatamodeld in Sources */ = {isa = PBXBuildFile; fileRef = 3351948B263DB2C9004BBC7C /* ios_challenge.xcdatamodeld */; };
		3351948F263DB2CA004BBC7C /* Assets.xcassets in Resources */ = {isa = PBXBuildFile; fileRef = 3351948E263DB2CA004BBC7C /* Assets.xcassets */; };
		33519492263DB2CA004BBC7C /* LaunchScreen.storyboard in Resources */ = {isa = PBXBuildFile; fileRef = 33519490263DB2CA004BBC7C /* LaunchScreen.storyboard */; };
		3351949D263DB2CA004BBC7C /* ios_challengeTests.swift in Sources */ = {isa = PBXBuildFile; fileRef = 3351949C263DB2CA004BBC7C /* ios_challengeTests.swift */; };
		335194A8263DB2CA004BBC7C /* ios_challengeUITests.swift in Sources */ = {isa = PBXBuildFile; fileRef = 335194A7263DB2CA004BBC7C /* ios_challengeUITests.swift */; };
		746D0EF50EB353C90F906424 /* Pods_ios_challengeTests.framework in Frameworks */ = {isa = PBXBuildFile; fileRef = 23EC3F545F96821D809578C2 /* Pods_ios_challengeTests.framework */; };
		B67ED04CD2D7DDE9E147E777 /* Pods_ios_challenge.framework in Frameworks */ = {isa = PBXBuildFile; fileRef = C5E73027BE22C1AFA57D5603 /* Pods_ios_challenge.framework */; };
/* End PBXBuildFile section */

/* Begin PBXContainerItemProxy section */
		33519499263DB2CA004BBC7C /* PBXContainerItemProxy */ = {
			isa = PBXContainerItemProxy;
			containerPortal = 33519479263DB2C9004BBC7C /* Project object */;
			proxyType = 1;
			remoteGlobalIDString = 33519480263DB2C9004BBC7C;
			remoteInfo = "ios-challenge";
		};
		335194A4263DB2CA004BBC7C /* PBXContainerItemProxy */ = {
			isa = PBXContainerItemProxy;
			containerPortal = 33519479263DB2C9004BBC7C /* Project object */;
			proxyType = 1;
			remoteGlobalIDString = 33519480263DB2C9004BBC7C;
			remoteInfo = "ios-challenge";
		};
/* End PBXContainerItemProxy section */

/* Begin PBXFileReference section */
		0D0616853C2E951439DD90DB /* Pods-ios-challenge-ios-challengeUITests.release.xcconfig */ = {isa = PBXFileReference; includeInIndex = 1; lastKnownFileType = text.xcconfig; name = "Pods-ios-challenge-ios-challengeUITests.release.xcconfig"; path = "Target Support Files/Pods-ios-challenge-ios-challengeUITests/Pods-ios-challenge-ios-challengeUITests.release.xcconfig"; sourceTree = "<group>"; };
		23EC3F545F96821D809578C2 /* Pods_ios_challengeTests.framework */ = {isa = PBXFileReference; explicitFileType = wrapper.framework; includeInIndex = 0; path = Pods_ios_challengeTests.framework; sourceTree = BUILT_PRODUCTS_DIR; };
		330D1738263DC1BA00391ACA /* CurrencyExchangeViewModel.swift */ = {isa = PBXFileReference; lastKnownFileType = sourcecode.swift; path = CurrencyExchangeViewModel.swift; sourceTree = "<group>"; };
		330D173C263DC3A700391ACA /* CurrencyExchange.swift */ = {isa = PBXFileReference; lastKnownFileType = sourcecode.swift; path = CurrencyExchange.swift; sourceTree = "<group>"; };
		330D173E263DC67600391ACA /* DataManager.swift */ = {isa = PBXFileReference; lastKnownFileType = sourcecode.swift; path = DataManager.swift; sourceTree = "<group>"; };
		330D1742263FBFDA00391ACA /* AppCoordinator.swift */ = {isa = PBXFileReference; lastKnownFileType = sourcecode.swift; path = AppCoordinator.swift; sourceTree = "<group>"; };
		330D1744263FC7FB00391ACA /* CurrencyListViewController.swift */ = {isa = PBXFileReference; lastKnownFileType = sourcecode.swift; path = CurrencyListViewController.swift; sourceTree = "<group>"; };
		330D1746263FD0BA00391ACA /* CurrentExchangeClass.swift */ = {isa = PBXFileReference; lastKnownFileType = sourcecode.swift; path = CurrentExchangeClass.swift; sourceTree = "<group>"; };
		330D1748263FEEEB00391ACA /* RateClass.swift */ = {isa = PBXFileReference; lastKnownFileType = sourcecode.swift; path = RateClass.swift; sourceTree = "<group>"; };
		33519481263DB2C9004BBC7C /* ios-challenge.app */ = {isa = PBXFileReference; explicitFileType = wrapper.application; includeInIndex = 0; path = "ios-challenge.app"; sourceTree = BUILT_PRODUCTS_DIR; };
		33519484263DB2C9004BBC7C /* AppDelegate.swift */ = {isa = PBXFileReference; lastKnownFileType = sourcecode.swift; path = AppDelegate.swift; sourceTree = "<group>"; };
		33519486263DB2C9004BBC7C /* ViewController.swift */ = {isa = PBXFileReference; lastKnownFileType = sourcecode.swift; path = ViewController.swift; sourceTree = "<group>"; };
		33519489263DB2C9004BBC7C /* Base */ = {isa = PBXFileReference; lastKnownFileType = file.storyboard; name = Base; path = Base.lproj/Main.storyboard; sourceTree = "<group>"; };
		3351948C263DB2C9004BBC7C /* ios_challenge.xcdatamodel */ = {isa = PBXFileReference; lastKnownFileType = wrapper.xcdatamodel; path = ios_challenge.xcdatamodel; sourceTree = "<group>"; };
		3351948E263DB2CA004BBC7C /* Assets.xcassets */ = {isa = PBXFileReference; lastKnownFileType = folder.assetcatalog; path = Assets.xcassets; sourceTree = "<group>"; };
		33519491263DB2CA004BBC7C /* Base */ = {isa = PBXFileReference; lastKnownFileType = file.storyboard; name = Base; path = Base.lproj/LaunchScreen.storyboard; sourceTree = "<group>"; };
		33519493263DB2CA004BBC7C /* Info.plist */ = {isa = PBXFileReference; lastKnownFileType = text.plist.xml; path = Info.plist; sourceTree = "<group>"; };
		33519498263DB2CA004BBC7C /* ios-challengeTests.xctest */ = {isa = PBXFileReference; explicitFileType = wrapper.cfbundle; includeInIndex = 0; path = "ios-challengeTests.xctest"; sourceTree = BUILT_PRODUCTS_DIR; };
		3351949C263DB2CA004BBC7C /* ios_challengeTests.swift */ = {isa = PBXFileReference; lastKnownFileType = sourcecode.swift; path = ios_challengeTests.swift; sourceTree = "<group>"; };
		3351949E263DB2CA004BBC7C /* Info.plist */ = {isa = PBXFileReference; lastKnownFileType = text.plist.xml; path = Info.plist; sourceTree = "<group>"; };
		335194A3263DB2CA004BBC7C /* ios-challengeUITests.xctest */ = {isa = PBXFileReference; explicitFileType = wrapper.cfbundle; includeInIndex = 0; path = "ios-challengeUITests.xctest"; sourceTree = BUILT_PRODUCTS_DIR; };
		335194A7263DB2CA004BBC7C /* ios_challengeUITests.swift */ = {isa = PBXFileReference; lastKnownFileType = sourcecode.swift; path = ios_challengeUITests.swift; sourceTree = "<group>"; };
		335194A9263DB2CA004BBC7C /* Info.plist */ = {isa = PBXFileReference; lastKnownFileType = text.plist.xml; path = Info.plist; sourceTree = "<group>"; };
		4FA37009496A1D076E8CE3AC /* Pods_ios_challenge_ios_challengeUITests.framework */ = {isa = PBXFileReference; explicitFileType = wrapper.framework; includeInIndex = 0; path = Pods_ios_challenge_ios_challengeUITests.framework; sourceTree = BUILT_PRODUCTS_DIR; };
		52C119EDC8DD8A04380343D8 /* Pods-ios-challenge.debug.xcconfig */ = {isa = PBXFileReference; includeInIndex = 1; lastKnownFileType = text.xcconfig; name = "Pods-ios-challenge.debug.xcconfig"; path = "Target Support Files/Pods-ios-challenge/Pods-ios-challenge.debug.xcconfig"; sourceTree = "<group>"; };
		B7E125ADF0FECFC1B55B43A9 /* Pods-ios-challengeTests.release.xcconfig */ = {isa = PBXFileReference; includeInIndex = 1; lastKnownFileType = text.xcconfig; name = "Pods-ios-challengeTests.release.xcconfig"; path = "Target Support Files/Pods-ios-challengeTests/Pods-ios-challengeTests.release.xcconfig"; sourceTree = "<group>"; };
		C2FBDAB110C828F917AE57B3 /* Pods-ios-challenge.release.xcconfig */ = {isa = PBXFileReference; includeInIndex = 1; lastKnownFileType = text.xcconfig; name = "Pods-ios-challenge.release.xcconfig"; path = "Target Support Files/Pods-ios-challenge/Pods-ios-challenge.release.xcconfig"; sourceTree = "<group>"; };
		C5E73027BE22C1AFA57D5603 /* Pods_ios_challenge.framework */ = {isa = PBXFileReference; explicitFileType = wrapper.framework; includeInIndex = 0; path = Pods_ios_challenge.framework; sourceTree = BUILT_PRODUCTS_DIR; };
		CC864D5F987E5021BFF0093D /* Pods-ios-challenge-ios-challengeUITests.debug.xcconfig */ = {isa = PBXFileReference; includeInIndex = 1; lastKnownFileType = text.xcconfig; name = "Pods-ios-challenge-ios-challengeUITests.debug.xcconfig"; path = "Target Support Files/Pods-ios-challenge-ios-challengeUITests/Pods-ios-challenge-ios-challengeUITests.debug.xcconfig"; sourceTree = "<group>"; };
		F939876D0D0F6EBED6C57275 /* Pods-ios-challengeTests.debug.xcconfig */ = {isa = PBXFileReference; includeInIndex = 1; lastKnownFileType = text.xcconfig; name = "Pods-ios-challengeTests.debug.xcconfig"; path = "Target Support Files/Pods-ios-challengeTests/Pods-ios-challengeTests.debug.xcconfig"; sourceTree = "<group>"; };
/* End PBXFileReference section */

/* Begin PBXFrameworksBuildPhase section */
		3351947E263DB2C9004BBC7C /* Frameworks */ = {
			isa = PBXFrameworksBuildPhase;
			buildActionMask = 2147483647;
			files = (
				B67ED04CD2D7DDE9E147E777 /* Pods_ios_challenge.framework in Frameworks */,
			);
			runOnlyForDeploymentPostprocessing = 0;
		};
		33519495263DB2CA004BBC7C /* Frameworks */ = {
			isa = PBXFrameworksBuildPhase;
			buildActionMask = 2147483647;
			files = (
				746D0EF50EB353C90F906424 /* Pods_ios_challengeTests.framework in Frameworks */,
			);
			runOnlyForDeploymentPostprocessing = 0;
		};
		335194A0263DB2CA004BBC7C /* Frameworks */ = {
			isa = PBXFrameworksBuildPhase;
			buildActionMask = 2147483647;
			files = (
				031AF13FE89B98E20D1DE361 /* Pods_ios_challenge_ios_challengeUITests.framework in Frameworks */,
			);
			runOnlyForDeploymentPostprocessing = 0;
		};
/* End PBXFrameworksBuildPhase section */

/* Begin PBXGroup section */
		330D1732263DC0B200391ACA /* View */ = {
			isa = PBXGroup;
			children = (
				33519486263DB2C9004BBC7C /* ViewController.swift */,
				330D1744263FC7FB00391ACA /* CurrencyListViewController.swift */,
			);
			path = View;
			sourceTree = "<group>";
		};
		330D1733263DC0C200391ACA /* ViewModel */ = {
			isa = PBXGroup;
			children = (
				330D1738263DC1BA00391ACA /* CurrencyExchangeViewModel.swift */,
			);
			path = ViewModel;
			sourceTree = "<group>";
		};
		330D1734263DC0C800391ACA /* Model */ = {
			isa = PBXGroup;
			children = (
				330D173C263DC3A700391ACA /* CurrencyExchange.swift */,
				330D1746263FD0BA00391ACA /* CurrentExchangeClass.swift */,
				330D1748263FEEEB00391ACA /* RateClass.swift */,
			);
			path = Model;
			sourceTree = "<group>";
		};
		330D1735263DC14000391ACA /* Services */ = {
			isa = PBXGroup;
			children = (
				330D173E263DC67600391ACA /* DataManager.swift */,
			);
			path = Services;
			sourceTree = "<group>";
		};
		330D1736263DC14700391ACA /* Utils */ = {
			isa = PBXGroup;
			children = (
				3351948E263DB2CA004BBC7C /* Assets.xcassets */,
				33519490263DB2CA004BBC7C /* LaunchScreen.storyboard */,
				33519488263DB2C9004BBC7C /* Main.storyboard */,
			);
			path = Utils;
			sourceTree = "<group>";
		};
		330D1737263DC15A00391ACA /* BD */ = {
			isa = PBXGroup;
			children = (
				3351948B263DB2C9004BBC7C /* ios_challenge.xcdatamodeld */,
			);
			path = BD;
			sourceTree = "<group>";
		};
		33519478263DB2C9004BBC7C = {
			isa = PBXGroup;
			children = (
				33519483263DB2C9004BBC7C /* ios-challenge */,
				3351949B263DB2CA004BBC7C /* ios-challengeTests */,
				335194A6263DB2CA004BBC7C /* ios-challengeUITests */,
				33519482263DB2C9004BBC7C /* Products */,
				B822657735A5629E89282C85 /* Pods */,
				3EB272A3BD8B7BAEF2B53963 /* Frameworks */,
			);
			sourceTree = "<group>";
		};
		33519482263DB2C9004BBC7C /* Products */ = {
			isa = PBXGroup;
			children = (
				33519481263DB2C9004BBC7C /* ios-challenge.app */,
				33519498263DB2CA004BBC7C /* ios-challengeTests.xctest */,
				335194A3263DB2CA004BBC7C /* ios-challengeUITests.xctest */,
			);
			name = Products;
			sourceTree = "<group>";
		};
		33519483263DB2C9004BBC7C /* ios-challenge */ = {
			isa = PBXGroup;
			children = (
				330D1737263DC15A00391ACA /* BD */,
				330D1736263DC14700391ACA /* Utils */,
				330D1735263DC14000391ACA /* Services */,
				330D1734263DC0C800391ACA /* Model */,
				330D1733263DC0C200391ACA /* ViewModel */,
				330D1732263DC0B200391ACA /* View */,
				33519484263DB2C9004BBC7C /* AppDelegate.swift */,
				33519493263DB2CA004BBC7C /* Info.plist */,
				330D1742263FBFDA00391ACA /* AppCoordinator.swift */,
			);
			path = "ios-challenge";
			sourceTree = "<group>";
		};
		3351949B263DB2CA004BBC7C /* ios-challengeTests */ = {
			isa = PBXGroup;
			children = (
				3351949C263DB2CA004BBC7C /* ios_challengeTests.swift */,
				3351949E263DB2CA004BBC7C /* Info.plist */,
			);
			path = "ios-challengeTests";
			sourceTree = "<group>";
		};
		335194A6263DB2CA004BBC7C /* ios-challengeUITests */ = {
			isa = PBXGroup;
			children = (
				335194A7263DB2CA004BBC7C /* ios_challengeUITests.swift */,
				335194A9263DB2CA004BBC7C /* Info.plist */,
			);
			path = "ios-challengeUITests";
			sourceTree = "<group>";
		};
		3EB272A3BD8B7BAEF2B53963 /* Frameworks */ = {
			isa = PBXGroup;
			children = (
				C5E73027BE22C1AFA57D5603 /* Pods_ios_challenge.framework */,
				4FA37009496A1D076E8CE3AC /* Pods_ios_challenge_ios_challengeUITests.framework */,
				23EC3F545F96821D809578C2 /* Pods_ios_challengeTests.framework */,
			);
			name = Frameworks;
			sourceTree = "<group>";
		};
		B822657735A5629E89282C85 /* Pods */ = {
			isa = PBXGroup;
			children = (
				52C119EDC8DD8A04380343D8 /* Pods-ios-challenge.debug.xcconfig */,
				C2FBDAB110C828F917AE57B3 /* Pods-ios-challenge.release.xcconfig */,
				CC864D5F987E5021BFF0093D /* Pods-ios-challenge-ios-challengeUITests.debug.xcconfig */,
				0D0616853C2E951439DD90DB /* Pods-ios-challenge-ios-challengeUITests.release.xcconfig */,
				F939876D0D0F6EBED6C57275 /* Pods-ios-challengeTests.debug.xcconfig */,
				B7E125ADF0FECFC1B55B43A9 /* Pods-ios-challengeTests.release.xcconfig */,
			);
			path = Pods;
			sourceTree = "<group>";
		};
/* End PBXGroup section */

/* Begin PBXNativeTarget section */
		33519480263DB2C9004BBC7C /* ios-challenge */ = {
			isa = PBXNativeTarget;
			buildConfigurationList = 335194AC263DB2CA004BBC7C /* Build configuration list for PBXNativeTarget "ios-challenge" */;
			buildPhases = (
				680F21E1E811FD29C7767A10 /* [CP] Check Pods Manifest.lock */,
				3351947D263DB2C9004BBC7C /* Sources */,
				3351947E263DB2C9004BBC7C /* Frameworks */,
				3351947F263DB2C9004BBC7C /* Resources */,
				DB679D3600A2384BEB1FEE9B /* [CP] Embed Pods Frameworks */,
			);
			buildRules = (
			);
			dependencies = (
			);
			name = "ios-challenge";
			productName = "ios-challenge";
			productReference = 33519481263DB2C9004BBC7C /* ios-challenge.app */;
			productType = "com.apple.product-type.application";
		};
		33519497263DB2CA004BBC7C /* ios-challengeTests */ = {
			isa = PBXNativeTarget;
			buildConfigurationList = 335194AF263DB2CA004BBC7C /* Build configuration list for PBXNativeTarget "ios-challengeTests" */;
			buildPhases = (
				2CCF72753775929B3D749507 /* [CP] Check Pods Manifest.lock */,
				33519494263DB2CA004BBC7C /* Sources */,
				33519495263DB2CA004BBC7C /* Frameworks */,
				33519496263DB2CA004BBC7C /* Resources */,
			);
			buildRules = (
			);
			dependencies = (
				3351949A263DB2CA004BBC7C /* PBXTargetDependency */,
			);
			name = "ios-challengeTests";
			productName = "ios-challengeTests";
			productReference = 33519498263DB2CA004BBC7C /* ios-challengeTests.xctest */;
			productType = "com.apple.product-type.bundle.unit-test";
		};
		335194A2263DB2CA004BBC7C /* ios-challengeUITests */ = {
			isa = PBXNativeTarget;
			buildConfigurationList = 335194B2263DB2CA004BBC7C /* Build configuration list for PBXNativeTarget "ios-challengeUITests" */;
			buildPhases = (
				C12FBB34FF08BD1299AACCEE /* [CP] Check Pods Manifest.lock */,
				3351949F263DB2CA004BBC7C /* Sources */,
				335194A0263DB2CA004BBC7C /* Frameworks */,
				335194A1263DB2CA004BBC7C /* Resources */,
				85DDB7E127F78B3DECC512CB /* [CP] Embed Pods Frameworks */,
			);
			buildRules = (
			);
			dependencies = (
				335194A5263DB2CA004BBC7C /* PBXTargetDependency */,
			);
			name = "ios-challengeUITests";
			productName = "ios-challengeUITests";
			productReference = 335194A3263DB2CA004BBC7C /* ios-challengeUITests.xctest */;
			productType = "com.apple.product-type.bundle.ui-testing";
		};
/* End PBXNativeTarget section */

/* Begin PBXProject section */
		33519479263DB2C9004BBC7C /* Project object */ = {
			isa = PBXProject;
			attributes = {
				LastSwiftUpdateCheck = 1010;
				LastUpgradeCheck = 1010;
				ORGANIZATIONNAME = Antonhy;
				TargetAttributes = {
					33519480263DB2C9004BBC7C = {
						CreatedOnToolsVersion = 10.1;
					};
					33519497263DB2CA004BBC7C = {
						CreatedOnToolsVersion = 10.1;
						TestTargetID = 33519480263DB2C9004BBC7C;
					};
					335194A2263DB2CA004BBC7C = {
						CreatedOnToolsVersion = 10.1;
						TestTargetID = 33519480263DB2C9004BBC7C;
					};
				};
			};
			buildConfigurationList = 3351947C263DB2C9004BBC7C /* Build configuration list for PBXProject "ios-challenge" */;
			compatibilityVersion = "Xcode 9.3";
			developmentRegion = en;
			hasScannedForEncodings = 0;
			knownRegions = (
				en,
				Base,
			);
			mainGroup = 33519478263DB2C9004BBC7C;
			productRefGroup = 33519482263DB2C9004BBC7C /* Products */;
			projectDirPath = "";
			projectRoot = "";
			targets = (
				33519480263DB2C9004BBC7C /* ios-challenge */,
				33519497263DB2CA004BBC7C /* ios-challengeTests */,
				335194A2263DB2CA004BBC7C /* ios-challengeUITests */,
			);
		};
/* End PBXProject section */

/* Begin PBXResourcesBuildPhase section */
		3351947F263DB2C9004BBC7C /* Resources */ = {
			isa = PBXResourcesBuildPhase;
			buildActionMask = 2147483647;
			files = (
				33519492263DB2CA004BBC7C /* LaunchScreen.storyboard in Resources */,
				3351948F263DB2CA004BBC7C /* Assets.xcassets in Resources */,
				3351948A263DB2C9004BBC7C /* Main.storyboard in Resources */,
			);
			runOnlyForDeploymentPostprocessing = 0;
		};
		33519496263DB2CA004BBC7C /* Resources */ = {
			isa = PBXResourcesBuildPhase;
			buildActionMask = 2147483647;
			files = (
			);
			runOnlyForDeploymentPostprocessing = 0;
		};
		335194A1263DB2CA004BBC7C /* Resources */ = {
			isa = PBXResourcesBuildPhase;
			buildActionMask = 2147483647;
			files = (
			);
			runOnlyForDeploymentPostprocessing = 0;
		};
/* End PBXResourcesBuildPhase section */

/* Begin PBXShellScriptBuildPhase section */
		2CCF72753775929B3D749507 /* [CP] Check Pods Manifest.lock */ = {
			isa = PBXShellScriptBuildPhase;
			buildActionMask = 2147483647;
			files = (
			);
			inputFileListPaths = (
			);
			inputPaths = (
				"${PODS_PODFILE_DIR_PATH}/Podfile.lock",
				"${PODS_ROOT}/Manifest.lock",
			);
			name = "[CP] Check Pods Manifest.lock";
			outputFileListPaths = (
			);
			outputPaths = (
				"$(DERIVED_FILE_DIR)/Pods-ios-challengeTests-checkManifestLockResult.txt",
			);
			runOnlyForDeploymentPostprocessing = 0;
			shellPath = /bin/sh;
			shellScript = "diff \"${PODS_PODFILE_DIR_PATH}/Podfile.lock\" \"${PODS_ROOT}/Manifest.lock\" > /dev/null\nif [ $? != 0 ] ; then\n    # print error to STDERR\n    echo \"error: The sandbox is not in sync with the Podfile.lock. Run 'pod install' or update your CocoaPods installation.\" >&2\n    exit 1\nfi\n# This output is used by Xcode 'outputs' to avoid re-running this script phase.\necho \"SUCCESS\" > \"${SCRIPT_OUTPUT_FILE_0}\"\n";
			showEnvVarsInLog = 0;
		};
		680F21E1E811FD29C7767A10 /* [CP] Check Pods Manifest.lock */ = {
			isa = PBXShellScriptBuildPhase;
			buildActionMask = 2147483647;
			files = (
			);
			inputFileListPaths = (
			);
			inputPaths = (
				"${PODS_PODFILE_DIR_PATH}/Podfile.lock",
				"${PODS_ROOT}/Manifest.lock",
			);
			name = "[CP] Check Pods Manifest.lock";
			outputFileListPaths = (
			);
			outputPaths = (
				"$(DERIVED_FILE_DIR)/Pods-ios-challenge-checkManifestLockResult.txt",
			);
			runOnlyForDeploymentPostprocessing = 0;
			shellPath = /bin/sh;
			shellScript = "diff \"${PODS_PODFILE_DIR_PATH}/Podfile.lock\" \"${PODS_ROOT}/Manifest.lock\" > /dev/null\nif [ $? != 0 ] ; then\n    # print error to STDERR\n    echo \"error: The sandbox is not in sync with the Podfile.lock. Run 'pod install' or update your CocoaPods installation.\" >&2\n    exit 1\nfi\n# This output is used by Xcode 'outputs' to avoid re-running this script phase.\necho \"SUCCESS\" > \"${SCRIPT_OUTPUT_FILE_0}\"\n";
			showEnvVarsInLog = 0;
		};
		85DDB7E127F78B3DECC512CB /* [CP] Embed Pods Frameworks */ = {
			isa = PBXShellScriptBuildPhase;
			buildActionMask = 2147483647;
			files = (
			);
			inputFileListPaths = (
				"${PODS_ROOT}/Target Support Files/Pods-ios-challenge-ios-challengeUITests/Pods-ios-challenge-ios-challengeUITests-frameworks-${CONFIGURATION}-input-files.xcfilelist",
			);
			name = "[CP] Embed Pods Frameworks";
			outputFileListPaths = (
				"${PODS_ROOT}/Target Support Files/Pods-ios-challenge-ios-challengeUITests/Pods-ios-challenge-ios-challengeUITests-frameworks-${CONFIGURATION}-output-files.xcfilelist",
			);
			runOnlyForDeploymentPostprocessing = 0;
			shellPath = /bin/sh;
			shellScript = "\"${PODS_ROOT}/Target Support Files/Pods-ios-challenge-ios-challengeUITests/Pods-ios-challenge-ios-challengeUITests-frameworks.sh\"\n";
			showEnvVarsInLog = 0;
		};
		C12FBB34FF08BD1299AACCEE /* [CP] Check Pods Manifest.lock */ = {
			isa = PBXShellScriptBuildPhase;
			buildActionMask = 2147483647;
			files = (
			);
			inputFileListPaths = (
			);
			inputPaths = (
				"${PODS_PODFILE_DIR_PATH}/Podfile.lock",
				"${PODS_ROOT}/Manifest.lock",
			);
			name = "[CP] Check Pods Manifest.lock";
			outputFileListPaths = (
			);
			outputPaths = (
				"$(DERIVED_FILE_DIR)/Pods-ios-challenge-ios-challengeUITests-checkManifestLockResult.txt",
			);
			runOnlyForDeploymentPostprocessing = 0;
			shellPath = /bin/sh;
			shellScript = "diff \"${PODS_PODFILE_DIR_PATH}/Podfile.lock\" \"${PODS_ROOT}/Manifest.lock\" > /dev/null\nif [ $? != 0 ] ; then\n    # print error to STDERR\n    echo \"error: The sandbox is not in sync with the Podfile.lock. Run 'pod install' or update your CocoaPods installation.\" >&2\n    exit 1\nfi\n# This output is used by Xcode 'outputs' to avoid re-running this script phase.\necho \"SUCCESS\" > \"${SCRIPT_OUTPUT_FILE_0}\"\n";
			showEnvVarsInLog = 0;
		};
		DB679D3600A2384BEB1FEE9B /* [CP] Embed Pods Frameworks */ = {
			isa = PBXShellScriptBuildPhase;
			buildActionMask = 2147483647;
			files = (
			);
			inputFileListPaths = (
				"${PODS_ROOT}/Target Support Files/Pods-ios-challenge/Pods-ios-challenge-frameworks-${CONFIGURATION}-input-files.xcfilelist",
			);
			name = "[CP] Embed Pods Frameworks";
			outputFileListPaths = (
				"${PODS_ROOT}/Target Support Files/Pods-ios-challenge/Pods-ios-challenge-frameworks-${CONFIGURATION}-output-files.xcfilelist",
			);
			runOnlyForDeploymentPostprocessing = 0;
			shellPath = /bin/sh;
			shellScript = "\"${PODS_ROOT}/Target Support Files/Pods-ios-challenge/Pods-ios-challenge-frameworks.sh\"\n";
			showEnvVarsInLog = 0;
		};
/* End PBXShellScriptBuildPhase section */

/* Begin PBXSourcesBuildPhase section */
		3351947D263DB2C9004BBC7C /* Sources */ = {
			isa = PBXSourcesBuildPhase;
			buildActionMask = 2147483647;
			files = (
				330D1739263DC1BA00391ACA /* CurrencyExchangeViewModel.swift in Sources */,
				330D173F263DC67600391ACA /* DataManager.swift in Sources */,
				330D1745263FC7FB00391ACA /* CurrencyListViewController.swift in Sources */,
				330D1749263FEEEB00391ACA /* RateClass.swift in Sources */,
				330D1747263FD0BA00391ACA /* CurrentExchangeClass.swift in Sources */,
				33519487263DB2C9004BBC7C /* ViewController.swift in Sources */,
				330D1743263FBFDA00391ACA /* AppCoordinator.swift in Sources */,
				3351948D263DB2C9004BBC7C /* ios_challenge.xcdatamodeld in Sources */,
				33519485263DB2C9004BBC7C /* AppDelegate.swift in Sources */,
				330D173D263DC3A700391ACA /* CurrencyExchange.swift in Sources */,
			);
			runOnlyForDeploymentPostprocessing = 0;
		};
		33519494263DB2CA004BBC7C /* Sources */ = {
			isa = PBXSourcesBuildPhase;
			buildActionMask = 2147483647;
			files = (
				3351949D263DB2CA004BBC7C /* ios_challengeTests.swift in Sources */,
			);
			runOnlyForDeploymentPostprocessing = 0;
		};
		3351949F263DB2CA004BBC7C /* Sources */ = {
			isa = PBXSourcesBuildPhase;
			buildActionMask = 2147483647;
			files = (
				335194A8263DB2CA004BBC7C /* ios_challengeUITests.swift in Sources */,
			);
			runOnlyForDeploymentPostprocessing = 0;
		};
/* End PBXSourcesBuildPhase section */

/* Begin PBXTargetDependency section */
		3351949A263DB2CA004BBC7C /* PBXTargetDependency */ = {
			isa = PBXTargetDependency;
			target = 33519480263DB2C9004BBC7C /* ios-challenge */;
			targetProxy = 33519499263DB2CA004BBC7C /* PBXContainerItemProxy */;
		};
		335194A5263DB2CA004BBC7C /* PBXTargetDependency */ = {
			isa = PBXTargetDependency;
			target = 33519480263DB2C9004BBC7C /* ios-challenge */;
			targetProxy = 335194A4263DB2CA004BBC7C /* PBXContainerItemProxy */;
		};
/* End PBXTargetDependency section */

/* Begin PBXVariantGroup section */
		33519488263DB2C9004BBC7C /* Main.storyboard */ = {
			isa = PBXVariantGroup;
			children = (
				33519489263DB2C9004BBC7C /* Base */,
			);
			name = Main.storyboard;
			sourceTree = "<group>";
		};
		33519490263DB2CA004BBC7C /* LaunchScreen.storyboard */ = {
			isa = PBXVariantGroup;
			children = (
				33519491263DB2CA004BBC7C /* Base */,
			);
			name = LaunchScreen.storyboard;
			sourceTree = "<group>";
		};
/* End PBXVariantGroup section */

/* Begin XCBuildConfiguration section */
		335194AA263DB2CA004BBC7C /* Debug */ = {
			isa = XCBuildConfiguration;
			buildSettings = {
				ALWAYS_SEARCH_USER_PATHS = NO;
				CLANG_ANALYZER_NONNULL = YES;
				CLANG_ANALYZER_NUMBER_OBJECT_CONVERSION = YES_AGGRESSIVE;
				CLANG_CXX_LANGUAGE_STANDARD = "gnu++14";
				CLANG_CXX_LIBRARY = "libc++";
				CLANG_ENABLE_MODULES = YES;
				CLANG_ENABLE_OBJC_ARC = YES;
				CLANG_ENABLE_OBJC_WEAK = YES;
				CLANG_WARN_BLOCK_CAPTURE_AUTORELEASING = YES;
				CLANG_WARN_BOOL_CONVERSION = YES;
				CLANG_WARN_COMMA = YES;
				CLANG_WARN_CONSTANT_CONVERSION = YES;
				CLANG_WARN_DEPRECATED_OBJC_IMPLEMENTATIONS = YES;
				CLANG_WARN_DIRECT_OBJC_ISA_USAGE = YES_ERROR;
				CLANG_WARN_DOCUMENTATION_COMMENTS = YES;
				CLANG_WARN_EMPTY_BODY = YES;
				CLANG_WARN_ENUM_CONVERSION = YES;
				CLANG_WARN_INFINITE_RECURSION = YES;
				CLANG_WARN_INT_CONVERSION = YES;
				CLANG_WARN_NON_LITERAL_NULL_CONVERSION = YES;
				CLANG_WARN_OBJC_IMPLICIT_RETAIN_SELF = YES;
				CLANG_WARN_OBJC_LITERAL_CONVERSION = YES;
				CLANG_WARN_OBJC_ROOT_CLASS = YES_ERROR;
				CLANG_WARN_RANGE_LOOP_ANALYSIS = YES;
				CLANG_WARN_STRICT_PROTOTYPES = YES;
				CLANG_WARN_SUSPICIOUS_MOVE = YES;
				CLANG_WARN_UNGUARDED_AVAILABILITY = YES_AGGRESSIVE;
				CLANG_WARN_UNREACHABLE_CODE = YES;
				CLANG_WARN__DUPLICATE_METHOD_MATCH = YES;
				CODE_SIGN_IDENTITY = "iPhone Developer";
				COPY_PHASE_STRIP = NO;
				DEBUG_INFORMATION_FORMAT = dwarf;
				ENABLE_STRICT_OBJC_MSGSEND = YES;
				ENABLE_TESTABILITY = YES;
				GCC_C_LANGUAGE_STANDARD = gnu11;
				GCC_DYNAMIC_NO_PIC = NO;
				GCC_NO_COMMON_BLOCKS = YES;
				GCC_OPTIMIZATION_LEVEL = 0;
				GCC_PREPROCESSOR_DEFINITIONS = (
					"DEBUG=1",
					"$(inherited)",
				);
				GCC_WARN_64_TO_32_BIT_CONVERSION = YES;
				GCC_WARN_ABOUT_RETURN_TYPE = YES_ERROR;
				GCC_WARN_UNDECLARED_SELECTOR = YES;
				GCC_WARN_UNINITIALIZED_AUTOS = YES_AGGRESSIVE;
				GCC_WARN_UNUSED_FUNCTION = YES;
				GCC_WARN_UNUSED_VARIABLE = YES;
				IPHONEOS_DEPLOYMENT_TARGET = 12.1;
				MTL_ENABLE_DEBUG_INFO = INCLUDE_SOURCE;
				MTL_FAST_MATH = YES;
				ONLY_ACTIVE_ARCH = YES;
				SDKROOT = iphoneos;
				SWIFT_ACTIVE_COMPILATION_CONDITIONS = DEBUG;
				SWIFT_OPTIMIZATION_LEVEL = "-Onone";
			};
			name = Debug;
		};
		335194AB263DB2CA004BBC7C /* Release */ = {
			isa = XCBuildConfiguration;
			buildSettings = {
				ALWAYS_SEARCH_USER_PATHS = NO;
				CLANG_ANALYZER_NONNULL = YES;
				CLANG_ANALYZER_NUMBER_OBJECT_CONVERSION = YES_AGGRESSIVE;
				CLANG_CXX_LANGUAGE_STANDARD = "gnu++14";
				CLANG_CXX_LIBRARY = "libc++";
				CLANG_ENABLE_MODULES = YES;
				CLANG_ENABLE_OBJC_ARC = YES;
				CLANG_ENABLE_OBJC_WEAK = YES;
				CLANG_WARN_BLOCK_CAPTURE_AUTORELEASING = YES;
				CLANG_WARN_BOOL_CONVERSION = YES;
				CLANG_WARN_COMMA = YES;
				CLANG_WARN_CONSTANT_CONVERSION = YES;
				CLANG_WARN_DEPRECATED_OBJC_IMPLEMENTATIONS = YES;
				CLANG_WARN_DIRECT_OBJC_ISA_USAGE = YES_ERROR;
				CLANG_WARN_DOCUMENTATION_COMMENTS = YES;
				CLANG_WARN_EMPTY_BODY = YES;
				CLANG_WARN_ENUM_CONVERSION = YES;
				CLANG_WARN_INFINITE_RECURSION = YES;
				CLANG_WARN_INT_CONVERSION = YES;
				CLANG_WARN_NON_LITERAL_NULL_CONVERSION = YES;
				CLANG_WARN_OBJC_IMPLICIT_RETAIN_SELF = YES;
				CLANG_WARN_OBJC_LITERAL_CONVERSION = YES;
				CLANG_WARN_OBJC_ROOT_CLASS = YES_ERROR;
				CLANG_WARN_RANGE_LOOP_ANALYSIS = YES;
				CLANG_WARN_STRICT_PROTOTYPES = YES;
				CLANG_WARN_SUSPICIOUS_MOVE = YES;
				CLANG_WARN_UNGUARDED_AVAILABILITY = YES_AGGRESSIVE;
				CLANG_WARN_UNREACHABLE_CODE = YES;
				CLANG_WARN__DUPLICATE_METHOD_MATCH = YES;
				CODE_SIGN_IDENTITY = "iPhone Developer";
				COPY_PHASE_STRIP = NO;
				DEBUG_INFORMATION_FORMAT = "dwarf-with-dsym";
				ENABLE_NS_ASSERTIONS = NO;
				ENABLE_STRICT_OBJC_MSGSEND = YES;
				GCC_C_LANGUAGE_STANDARD = gnu11;
				GCC_NO_COMMON_BLOCKS = YES;
				GCC_WARN_64_TO_32_BIT_CONVERSION = YES;
				GCC_WARN_ABOUT_RETURN_TYPE = YES_ERROR;
				GCC_WARN_UNDECLARED_SELECTOR = YES;
				GCC_WARN_UNINITIALIZED_AUTOS = YES_AGGRESSIVE;
				GCC_WARN_UNUSED_FUNCTION = YES;
				GCC_WARN_UNUSED_VARIABLE = YES;
				IPHONEOS_DEPLOYMENT_TARGET = 12.1;
				MTL_ENABLE_DEBUG_INFO = NO;
				MTL_FAST_MATH = YES;
				SDKROOT = iphoneos;
				SWIFT_COMPILATION_MODE = wholemodule;
				SWIFT_OPTIMIZATION_LEVEL = "-O";
				VALIDATE_PRODUCT = YES;
			};
			name = Release;
		};
		335194AD263DB2CA004BBC7C /* Debug */ = {
			isa = XCBuildConfiguration;
			baseConfigurationReference = 52C119EDC8DD8A04380343D8 /* Pods-ios-challenge.debug.xcconfig */;
			buildSettings = {
				ASSETCATALOG_COMPILER_APPICON_NAME = AppIcon;
				CODE_SIGN_STYLE = Automatic;
				INFOPLIST_FILE = "ios-challenge/Info.plist";
				LD_RUNPATH_SEARCH_PATHS = (
					"$(inherited)",
					"@executable_path/Frameworks",
				);
				PRODUCT_BUNDLE_IDENTIFIER = "aretto.ios-challenge";
				PRODUCT_NAME = "$(TARGET_NAME)";
				SWIFT_VERSION = 4.2;
				TARGETED_DEVICE_FAMILY = "1,2";
			};
			name = Debug;
		};
		335194AE263DB2CA004BBC7C /* Release */ = {
			isa = XCBuildConfiguration;
			baseConfigurationReference = C2FBDAB110C828F917AE57B3 /* Pods-ios-challenge.release.xcconfig */;
			buildSettings = {
				ASSETCATALOG_COMPILER_APPICON_NAME = AppIcon;
				CODE_SIGN_STYLE = Automatic;
				INFOPLIST_FILE = "ios-challenge/Info.plist";
				LD_RUNPATH_SEARCH_PATHS = (
					"$(inherited)",
					"@executable_path/Frameworks",
				);
				PRODUCT_BUNDLE_IDENTIFIER = "aretto.ios-challenge";
				PRODUCT_NAME = "$(TARGET_NAME)";
				SWIFT_VERSION = 4.2;
				TARGETED_DEVICE_FAMILY = "1,2";
			};
			name = Release;
		};
		335194B0263DB2CA004BBC7C /* Debug */ = {
			isa = XCBuildConfiguration;
			baseConfigurationReference = F939876D0D0F6EBED6C57275 /* Pods-ios-challengeTests.debug.xcconfig */;
			buildSettings = {
				ALWAYS_EMBED_SWIFT_STANDARD_LIBRARIES = YES;
				BUNDLE_LOADER = "$(TEST_HOST)";
				CODE_SIGN_STYLE = Automatic;
				INFOPLIST_FILE = "ios-challengeTests/Info.plist";
				LD_RUNPATH_SEARCH_PATHS = (
					"$(inherited)",
					"@executable_path/Frameworks",
					"@loader_path/Frameworks",
				);
				PRODUCT_BUNDLE_IDENTIFIER = "aretto.ios-challengeTests";
				PRODUCT_NAME = "$(TARGET_NAME)";
				SWIFT_VERSION = 4.2;
				TARGETED_DEVICE_FAMILY = "1,2";
				TEST_HOST = "$(BUILT_PRODUCTS_DIR)/ios-challenge.app/ios-challenge";
			};
			name = Debug;
		};
		335194B1263DB2CA004BBC7C /* Release */ = {
			isa = XCBuildConfiguration;
			baseConfigurationReference = B7E125ADF0FECFC1B55B43A9 /* Pods-ios-challengeTests.release.xcconfig */;
			buildSettings = {
				ALWAYS_EMBED_SWIFT_STANDARD_LIBRARIES = YES;
				BUNDLE_LOADER = "$(TEST_HOST)";
				CODE_SIGN_STYLE = Automatic;
				INFOPLIST_FILE = "ios-challengeTests/Info.plist";
				LD_RUNPATH_SEARCH_PATHS = (
					"$(inherited)",
					"@executable_path/Frameworks",
					"@loader_path/Frameworks",
				);
				PRODUCT_BUNDLE_IDENTIFIER = "aretto.ios-challengeTests";
				PRODUCT_NAME = "$(TARGET_NAME)";
				SWIFT_VERSION = 4.2;
				TARGETED_DEVICE_FAMILY = "1,2";
				TEST_HOST = "$(BUILT_PRODUCTS_DIR)/ios-challenge.app/ios-challenge";
			};
			name = Release;
		};
		335194B3263DB2CA004BBC7C /* Debug */ = {
			isa = XCBuildConfiguration;
			baseConfigurationReference = CC864D5F987E5021BFF0093D /* Pods-ios-challenge-ios-challengeUITests.debug.xcconfig */;
			buildSettings = {
				ALWAYS_EMBED_SWIFT_STANDARD_LIBRARIES = YES;
				CODE_SIGN_STYLE = Automatic;
				INFOPLIST_FILE = "ios-challengeUITests/Info.plist";
				LD_RUNPATH_SEARCH_PATHS = (
					"$(inherited)",
					"@executable_path/Frameworks",
					"@loader_path/Frameworks",
				);
				PRODUCT_BUNDLE_IDENTIFIER = "aretto.ios-challengeUITests";
				PRODUCT_NAME = "$(TARGET_NAME)";
				SWIFT_VERSION = 4.2;
				TARGETED_DEVICE_FAMILY = "1,2";
				TEST_TARGET_NAME = "ios-challenge";
			};
			name = Debug;
		};
		335194B4263DB2CA004BBC7C /* Release */ = {
			isa = XCBuildConfiguration;
			baseConfigurationReference = 0D0616853C2E951439DD90DB /* Pods-ios-challenge-ios-challengeUITests.release.xcconfig */;
			buildSettings = {
				ALWAYS_EMBED_SWIFT_STANDARD_LIBRARIES = YES;
				CODE_SIGN_STYLE = Automatic;
				INFOPLIST_FILE = "ios-challengeUITests/Info.plist";
				LD_RUNPATH_SEARCH_PATHS = (
					"$(inherited)",
					"@executable_path/Frameworks",
					"@loader_path/Frameworks",
				);
				PRODUCT_BUNDLE_IDENTIFIER = "aretto.ios-challengeUITests";
				PRODUCT_NAME = "$(TARGET_NAME)";
				SWIFT_VERSION = 4.2;
				TARGETED_DEVICE_FAMILY = "1,2";
				TEST_TARGET_NAME = "ios-challenge";
			};
			name = Release;
		};
/* End XCBuildConfiguration section */

/* Begin XCConfigurationList section */
		3351947C263DB2C9004BBC7C /* Build configuration list for PBXProject "ios-challenge" */ = {
			isa = XCConfigurationList;
			buildConfigurations = (
				335194AA263DB2CA004BBC7C /* Debug */,
				335194AB263DB2CA004BBC7C /* Release */,
			);
			defaultConfigurationIsVisible = 0;
			defaultConfigurationName = Release;
		};
		335194AC263DB2CA004BBC7C /* Build configuration list for PBXNativeTarget "ios-challenge" */ = {
			isa = XCConfigurationList;
			buildConfigurations = (
				335194AD263DB2CA004BBC7C /* Debug */,
				335194AE263DB2CA004BBC7C /* Release */,
			);
			defaultConfigurationIsVisible = 0;
			defaultConfigurationName = Release;
		};
		335194AF263DB2CA004BBC7C /* Build configuration list for PBXNativeTarget "ios-challengeTests" */ = {
			isa = XCConfigurationList;
			buildConfigurations = (
				335194B0263DB2CA004BBC7C /* Debug */,
				335194B1263DB2CA004BBC7C /* Release */,
			);
			defaultConfigurationIsVisible = 0;
			defaultConfigurationName = Release;
		};
		335194B2263DB2CA004BBC7C /* Build configuration list for PBXNativeTarget "ios-challengeUITests" */ = {
			isa = XCConfigurationList;
			buildConfigurations = (
				335194B3263DB2CA004BBC7C /* Debug */,
				335194B4263DB2CA004BBC7C /* Release */,
			);
			defaultConfigurationIsVisible = 0;
			defaultConfigurationName = Release;
		};
/* End XCConfigurationList section */

/* Begin XCVersionGroup section */
		3351948B263DB2C9004BBC7C /* ios_challenge.xcdatamodeld */ = {
			isa = XCVersionGroup;
			children = (
				3351948C263DB2C9004BBC7C /* ios_challenge.xcdatamodel */,
			);
			currentVersion = 3351948C263DB2C9004BBC7C /* ios_challenge.xcdatamodel */;
			path = ios_challenge.xcdatamodeld;
			sourceTree = "<group>";
			versionGroupType = wrapper.xcdatamodel;
		};
/* End XCVersionGroup section */
	};
	rootObject = 33519479263DB2C9004BBC7C /* Project object */;
}
